
Microsoft Visual Studio Solution File, Format Version 12.00
# Visual Studio Version 17
VisualStudioVersion = 17.5.002.0
MinimumVisualStudioVersion = 10.0.40219.1
Project("{9A19103F-16F7-4668-BE54-9A1E7A4F7556}") = "Csharp-app", "Csharp-app.csproj", "{C598963B-81BE-40F4-BB24-6E49A062660E}"
EndProject
Global
	GlobalSection(SolutionConfigurationPlatforms) = preSolution
		Debug|Any CPU = Debug|Any CPU
		Release|Any CPU = Release|Any CPU
	EndGlobalSection
	GlobalSection(ProjectConfigurationPlatforms) = postSolution
		{C598963B-81BE-40F4-BB24-6E49A062660E}.Debug|Any CPU.ActiveCfg = Debug|Any CPU
		{C598963B-81BE-40F4-BB24-6E49A062660E}.Debug|Any CPU.Build.0 = Debug|Any CPU
		{C598963B-81BE-40F4-BB24-6E49A062660E}.Release|Any CPU.ActiveCfg = Release|Any CPU
		{C598963B-81BE-40F4-BB24-6E49A062660E}.Release|Any CPU.Build.0 = Release|Any CPU
	EndGlobalSection
	GlobalSection(SolutionProperties) = preSolution
		HideSolutionNode = FALSE
	EndGlobalSection
	GlobalSection(ExtensibilityGlobals) = postSolution
		SolutionGuid = {CBAA37D4-AF0E-4A6C-92D9-655CA8E380C4}
	EndGlobalSection
EndGlobal
